
Microsoft Visual Studio Solution File, Format Version 12.00
# Visual Studio Version 17
VisualStudioVersion = 17.4.33403.182
MinimumVisualStudioVersion = 10.0.40219.1
Project("{9A19103F-16F7-4668-BE54-9A1E7A4F7556}") = "CertificateChecker", "CertificateChecker\CertificateChecker.csproj", "{9BFA5019-7D11-46A2-8B7B-6BCA78C1D8B4}"
EndProject
Global
	GlobalSection(SolutionConfigurationPlatforms) = preSolution
		Debug|Any CPU = Debug|Any CPU
		Release|Any CPU = Release|Any CPU
	EndGlobalSection
	GlobalSection(ProjectConfigurationPlatforms) = postSolution
		{9BFA5019-7D11-46A2-8B7B-6BCA78C1D8B4}.Debug|Any CPU.ActiveCfg = Debug|Any CPU
		{9BFA5019-7D11-46A2-8B7B-6BCA78C1D8B4}.Debug|Any CPU.Build.0 = Debug|Any CPU
		{9BFA5019-7D11-46A2-8B7B-6BCA78C1D8B4}.Release|Any CPU.ActiveCfg = Release|Any CPU
		{9BFA5019-7D11-46A2-8B7B-6BCA78C1D8B4}.Release|Any CPU.Build.0 = Release|Any CPU
	EndGlobalSection
	GlobalSection(SolutionProperties) = preSolution
		HideSolutionNode = FALSE
	EndGlobalSection
	GlobalSection(ExtensibilityGlobals) = postSolution
		SolutionGuid = {38AE4BE8-959C-4D39-95D2-14C8E47DEC9C}
	EndGlobalSection
EndGlobal
